// !$*UTF8*$!
{
	archiveVersion = 1;
	classes = {
	};
	objectVersion = 46;
	objects = {

/* Begin PBXBuildFile section */
		372074F919896DE0004F7090 /* MJPopupBackgroundView.m in Sources */ = {isa = PBXBuildFile; fileRef = 372074F619896DE0004F7090 /* MJPopupBackgroundView.m */; };
		372074FA19896DE0004F7090 /* UIViewController+MJPopupViewController.m in Sources */ = {isa = PBXBuildFile; fileRef = 372074F819896DE0004F7090 /* UIViewController+MJPopupViewController.m */; };
		372E6904196353C4006712E6 /* QuartzCore.framework in Frameworks */ = {isa = PBXBuildFile; fileRef = 372E6903196353C4006712E6 /* QuartzCore.framework */; };
		3737DBD119A13AE1006E0460 /* addContactImage.png in Resources */ = {isa = PBXBuildFile; fileRef = 3737DBD019A13AE1006E0460 /* addContactImage.png */; };
		3740DBB4195B6CBA00B60E1D /* setViewController.m in Sources */ = {isa = PBXBuildFile; fileRef = 3740DBB3195B6CBA00B60E1D /* setViewController.m */; };
		37741C59198E7CAB005DE4D3 /* PageContentViewController.m in Sources */ = {isa = PBXBuildFile; fileRef = 37741C58198E7CAB005DE4D3 /* PageContentViewController.m */; };
		37741C5F198EBF87005DE4D3 /* alertViewImage.png in Resources */ = {isa = PBXBuildFile; fileRef = 37741C5E198EBF87005DE4D3 /* alertViewImage.png */; };
		37741C61198EC282005DE4D3 /* appIconIntroScreen.png in Resources */ = {isa = PBXBuildFile; fileRef = 37741C60198EC282005DE4D3 /* appIconIntroScreen.png */; };
		37741C63198EC307005DE4D3 /* overlay1.png in Resources */ = {isa = PBXBuildFile; fileRef = 37741C62198EC307005DE4D3 /* overlay1.png */; };
		37741C69198ED744005DE4D3 /* overlay2.png in Resources */ = {isa = PBXBuildFile; fileRef = 37741C68198ED744005DE4D3 /* overlay2.png */; };
		37741C6B198ED79C005DE4D3 /* overlay3.png in Resources */ = {isa = PBXBuildFile; fileRef = 37741C6A198ED79C005DE4D3 /* overlay3.png */; };
		37741C6D198ED83F005DE4D3 /* overlay4.png in Resources */ = {isa = PBXBuildFile; fileRef = 37741C6C198ED83F005DE4D3 /* overlay4.png */; };
		37741C71198EDAD5005DE4D3 /* movetodock.png in Resources */ = {isa = PBXBuildFile; fileRef = 37741C70198EDAD5005DE4D3 /* movetodock.png */; };
		3784BB63196488E600A10B65 /* Main.storyboard in Resources */ = {isa = PBXBuildFile; fileRef = 3784BB62196488E600A10B65 /* Main.storyboard */; };
		378C003619A329AD001254B6 /* overlay2-4.png in Resources */ = {isa = PBXBuildFile; fileRef = 378C003519A329AD001254B6 /* overlay2-4.png */; };
		378C003819A32C00001254B6 /* overlay3-4.png in Resources */ = {isa = PBXBuildFile; fileRef = 378C003719A32C00001254B6 /* overlay3-4.png */; };
		378C003C19A32D3F001254B6 /* movetodock-4.png in Resources */ = {isa = PBXBuildFile; fileRef = 378C003B19A32D3F001254B6 /* movetodock-4.png */; };
		378C003E19A32D5D001254B6 /* overlay4-4.png in Resources */ = {isa = PBXBuildFile; fileRef = 378C003D19A32D5D001254B6 /* overlay4-4.png */; };
		378C004019A5CB0B001254B6 /* slideArrow@2x.png in Resources */ = {isa = PBXBuildFile; fileRef = 378C003F19A5CB0B001254B6 /* slideArrow@2x.png */; };
		378C004219A5CCCD001254B6 /* slideArrowHighlighted@2x.png in Resources */ = {isa = PBXBuildFile; fileRef = 378C004119A5CCCD001254B6 /* slideArrowHighlighted@2x.png */; };
		3799AF36194CF1740053B045 /* CoreLocation.framework in Frameworks */ = {isa = PBXBuildFile; fileRef = 3799AF35194CF1740053B045 /* CoreLocation.framework */; };
		37A1910919BAF85D00E6F3A5 /* RMStore.m in Sources */ = {isa = PBXBuildFile; fileRef = 37A1910819BAF85D00E6F3A5 /* RMStore.m */; };
		37AA132A1998064400F89AE2 /* appIcon001.png in Resources */ = {isa = PBXBuildFile; fileRef = 37AA13281998064400F89AE2 /* appIcon001.png */; };
		37AA132B1998064400F89AE2 /* appIcon001@2x.png in Resources */ = {isa = PBXBuildFile; fileRef = 37AA13291998064400F89AE2 /* appIcon001@2x.png */; };
		37AA132D19980D3A00F89AE2 /* alertHasBeenSent.png in Resources */ = {isa = PBXBuildFile; fileRef = 37AA132C19980D3A00F89AE2 /* alertHasBeenSent.png */; };
		37AA465C19A28B9400323E61 /* iPhone4Screen.png in Resources */ = {isa = PBXBuildFile; fileRef = 37AA465B19A28B9400323E61 /* iPhone4Screen.png */; };
		37B634D41950D1630015597E /* Accounts.framework in Frameworks */ = {isa = PBXBuildFile; fileRef = 37B634D31950D1630015597E /* Accounts.framework */; };
		37B634D61950D1700015597E /* libsqlite3.dylib in Frameworks */ = {isa = PBXBuildFile; fileRef = 37B634D51950D1700015597E /* libsqlite3.dylib */; };
		37B634D81950D1760015597E /* MobileCoreServices.framework in Frameworks */ = {isa = PBXBuildFile; fileRef = 37B634D71950D1760015597E /* MobileCoreServices.framework */; };
		37B634DA1950D17B0015597E /* Security.framework in Frameworks */ = {isa = PBXBuildFile; fileRef = 37B634D91950D17B0015597E /* Security.framework */; };
		37B634DC1950D1820015597E /* Social.framework in Frameworks */ = {isa = PBXBuildFile; fileRef = 37B634DB1950D1820015597E /* Social.framework */; };
		37B634DE1950D1890015597E /* SystemConfiguration.framework in Frameworks */ = {isa = PBXBuildFile; fileRef = 37B634DD1950D1890015597E /* SystemConfiguration.framework */; };
		37D37756192BF0E900871648 /* Foundation.framework in Frameworks */ = {isa = PBXBuildFile; fileRef = 37D37755192BF0E900871648 /* Foundation.framework */; };
		37D37758192BF0E900871648 /* CoreGraphics.framework in Frameworks */ = {isa = PBXBuildFile; fileRef = 37D37757192BF0E900871648 /* CoreGraphics.framework */; };
		37D3775A192BF0E900871648 /* UIKit.framework in Frameworks */ = {isa = PBXBuildFile; fileRef = 37D37759192BF0E900871648 /* UIKit.framework */; };
		37D37760192BF0E900871648 /* InfoPlist.strings in Resources */ = {isa = PBXBuildFile; fileRef = 37D3775E192BF0E900871648 /* InfoPlist.strings */; };
		37D37762192BF0E900871648 /* main.m in Sources */ = {isa = PBXBuildFile; fileRef = 37D37761192BF0E900871648 /* main.m */; };
		37D37766192BF0E900871648 /* AppDelegate.m in Sources */ = {isa = PBXBuildFile; fileRef = 37D37765192BF0E900871648 /* AppDelegate.m */; };
		37D3776C192BF0E900871648 /* ViewController.m in Sources */ = {isa = PBXBuildFile; fileRef = 37D3776B192BF0E900871648 /* ViewController.m */; };
		37D3776E192BF0EA00871648 /* Images.xcassets in Resources */ = {isa = PBXBuildFile; fileRef = 37D3776D192BF0EA00871648 /* Images.xcassets */; };
		37D37775192BF0EA00871648 /* XCTest.framework in Frameworks */ = {isa = PBXBuildFile; fileRef = 37D37774192BF0EA00871648 /* XCTest.framework */; };
		37D37776192BF0EA00871648 /* Foundation.framework in Frameworks */ = {isa = PBXBuildFile; fileRef = 37D37755192BF0E900871648 /* Foundation.framework */; };
		37D37777192BF0EA00871648 /* UIKit.framework in Frameworks */ = {isa = PBXBuildFile; fileRef = 37D37759192BF0E900871648 /* UIKit.framework */; };
		37D3777F192BF0EA00871648 /* InfoPlist.strings in Resources */ = {isa = PBXBuildFile; fileRef = 37D3777D192BF0EA00871648 /* InfoPlist.strings */; };
		37D37781192BF0EA00871648 /* smartAlertTests.m in Sources */ = {isa = PBXBuildFile; fileRef = 37D37780192BF0EA00871648 /* smartAlertTests.m */; };
		37D3778B192BF97400871648 /* AddressBook.framework in Frameworks */ = {isa = PBXBuildFile; fileRef = 37D3778A192BF97400871648 /* AddressBook.framework */; };
		37D3778D192BF97800871648 /* AddressBookUI.framework in Frameworks */ = {isa = PBXBuildFile; fileRef = 37D3778C192BF97800871648 /* AddressBookUI.framework */; };
		37D37790192D39C100871648 /* alertViewController.m in Sources */ = {isa = PBXBuildFile; fileRef = 37D3778F192D39C100871648 /* alertViewController.m */; };
		37D37793192FE3CE00871648 /* button.png in Resources */ = {isa = PBXBuildFile; fileRef = 37D37791192FE3CE00871648 /* button.png */; };
		37D37794192FE3CE00871648 /* button@2x.png in Resources */ = {isa = PBXBuildFile; fileRef = 37D37792192FE3CE00871648 /* button@2x.png */; };
		37E469661977AB110076157F /* introBG.png in Resources */ = {isa = PBXBuildFile; fileRef = 37E469651977AB110076157F /* introBG.png */; };
		37E4696C1977ABD00076157F /* image1.png in Resources */ = {isa = PBXBuildFile; fileRef = 37E469671977ABD00076157F /* image1.png */; };
		37E4696D1977ABD00076157F /* image3.png in Resources */ = {isa = PBXBuildFile; fileRef = 37E469681977ABD00076157F /* image3.png */; };
		37E4696F1977ABD00076157F /* image4.png in Resources */ = {isa = PBXBuildFile; fileRef = 37E4696A1977ABD00076157F /* image4.png */; };
		37E469701977ABD00076157F /* image5.png in Resources */ = {isa = PBXBuildFile; fileRef = 37E4696B1977ABD00076157F /* image5.png */; };
		37E469731977AF640076157F /* settingsViewController.m in Sources */ = {isa = PBXBuildFile; fileRef = 37E469721977AF640076157F /* settingsViewController.m */; };
		37E46975197C047A0076157F /* image2.png in Resources */ = {isa = PBXBuildFile; fileRef = 37E46974197C047A0076157F /* image2.png */; };
		37E46980197C44970076157F /* SevenSwitch.m in Sources */ = {isa = PBXBuildFile; fileRef = 37E4697F197C44970076157F /* SevenSwitch.m */; };
		37E46985197C49C00076157F /* check.png in Resources */ = {isa = PBXBuildFile; fileRef = 37E46981197C49C00076157F /* check.png */; };
		37E46986197C49C00076157F /* check@2x.png in Resources */ = {isa = PBXBuildFile; fileRef = 37E46982197C49C00076157F /* check@2x.png */; };
		37E46987197C49C00076157F /* cross.png in Resources */ = {isa = PBXBuildFile; fileRef = 37E46983197C49C00076157F /* cross.png */; };
		37E46988197C49C00076157F /* cross@2x.png in Resources */ = {isa = PBXBuildFile; fileRef = 37E46984197C49C00076157F /* cross@2x.png */; };
		37E46993197C4B240076157F /* swipeToPrime001.png in Resources */ = {isa = PBXBuildFile; fileRef = 37E46991197C4B240076157F /* swipeToPrime001.png */; };
		37E46994197C4B240076157F /* swipeToPrime001@2x.png in Resources */ = {isa = PBXBuildFile; fileRef = 37E46992197C4B240076157F /* swipeToPrime001@2x.png */; };
		37E4699F197CECD20076157F /* settingsIcon001.png in Resources */ = {isa = PBXBuildFile; fileRef = 37E4699D197CECD20076157F /* settingsIcon001.png */; };
		37E469A0197CECD20076157F /* settingsIcon001@2x.png in Resources */ = {isa = PBXBuildFile; fileRef = 37E4699E197CECD20076157F /* settingsIcon001@2x.png */; };
		37E469A3197CEE180076157F /* primed001.png in Resources */ = {isa = PBXBuildFile; fileRef = 37E469A1197CEE180076157F /* primed001.png */; };
		37E469A4197CEE180076157F /* primed001@2x.png in Resources */ = {isa = PBXBuildFile; fileRef = 37E469A2197CEE180076157F /* primed001@2x.png */; };
		37E469AB197CF1250076157F /* swipeToPrime002.png in Resources */ = {isa = PBXBuildFile; fileRef = 37E469A9197CF1250076157F /* swipeToPrime002.png */; };
		37E469AC197CF1250076157F /* swipeToPrime002@2x.png in Resources */ = {isa = PBXBuildFile; fileRef = 37E469AA197CF1250076157F /* swipeToPrime002@2x.png */; };
		37E469B7197CF26B0076157F /* primed002.png in Resources */ = {isa = PBXBuildFile; fileRef = 37E469B5197CF26B0076157F /* primed002.png */; };
		37E469B8197CF26B0076157F /* primed002@2x.png in Resources */ = {isa = PBXBuildFile; fileRef = 37E469B6197CF26B0076157F /* primed002@2x.png */; };
		37E469BA197E40450076157F /* Twitter.framework in Frameworks */ = {isa = PBXBuildFile; fileRef = 37E469B9197E40450076157F /* Twitter.framework */; };
		37E469BC197EE5800076157F /* StoreKit.framework in Frameworks */ = {isa = PBXBuildFile; fileRef = 37E469BB197EE5800076157F /* StoreKit.framework */; };
		37E469BE197EE7760076157F /* MessageUI.framework in Frameworks */ = {isa = PBXBuildFile; fileRef = 37E469BD197EE7760076157F /* MessageUI.framework */; };
		37E469C1198185A40076157F /* swipeToPrime003.png in Resources */ = {isa = PBXBuildFile; fileRef = 37E469BF198185A40076157F /* swipeToPrime003.png */; };
		37E469C2198185A40076157F /* swipeToPrime003@2x.png in Resources */ = {isa = PBXBuildFile; fileRef = 37E469C0198185A40076157F /* swipeToPrime003@2x.png */; };
		37E469C5198185E50076157F /* swipeToPrime004.png in Resources */ = {isa = PBXBuildFile; fileRef = 37E469C3198185E50076157F /* swipeToPrime004.png */; };
		37E469C6198185E50076157F /* swipeToPrime004@2x.png in Resources */ = {isa = PBXBuildFile; fileRef = 37E469C4198185E50076157F /* swipeToPrime004@2x.png */; };
		37E469C91981865D0076157F /* swipeToPrime005.png in Resources */ = {isa = PBXBuildFile; fileRef = 37E469C71981865D0076157F /* swipeToPrime005.png */; };
		37E469CA1981865D0076157F /* swipeToPrime005@2x.png in Resources */ = {isa = PBXBuildFile; fileRef = 37E469C81981865D0076157F /* swipeToPrime005@2x.png */; };
		37EC7C9D19BE314B00D79282 /* add_button.png in Resources */ = {isa = PBXBuildFile; fileRef = 37EC7C9B19BE314B00D79282 /* add_button.png */; };
		37EC7C9E19BE314B00D79282 /* add_button@2x.png in Resources */ = {isa = PBXBuildFile; fileRef = 37EC7C9C19BE314B00D79282 /* add_button@2x.png */; };
/* End PBXBuildFile section */

/* Begin PBXContainerItemProxy section */
		37D37778192BF0EA00871648 /* PBXContainerItemProxy */ = {
			isa = PBXContainerItemProxy;
			containerPortal = 37D3774A192BF0E900871648 /* Project object */;
			proxyType = 1;
			remoteGlobalIDString = 37D37751192BF0E900871648;
			remoteInfo = smartAlert;
		};
/* End PBXContainerItemProxy section */

/* Begin PBXFileReference section */
		372074F519896DE0004F7090 /* MJPopupBackgroundView.h */ = {isa = PBXFileReference; fileEncoding = 4; lastKnownFileType = sourcecode.c.h; path = MJPopupBackgroundView.h; sourceTree = "<group>"; };
		372074F619896DE0004F7090 /* MJPopupBackgroundView.m */ = {isa = PBXFileReference; fileEncoding = 4; lastKnownFileType = sourcecode.c.objc; path = MJPopupBackgroundView.m; sourceTree = "<group>"; };
		372074F719896DE0004F7090 /* UIViewController+MJPopupViewController.h */ = {isa = PBXFileReference; fileEncoding = 4; lastKnownFileType = sourcecode.c.h; path = "UIViewController+MJPopupViewController.h"; sourceTree = "<group>"; };
		372074F819896DE0004F7090 /* UIViewController+MJPopupViewController.m */ = {isa = PBXFileReference; fileEncoding = 4; lastKnownFileType = sourcecode.c.objc; path = "UIViewController+MJPopupViewController.m"; sourceTree = "<group>"; };
		372E6903196353C4006712E6 /* QuartzCore.framework */ = {isa = PBXFileReference; lastKnownFileType = wrapper.framework; name = QuartzCore.framework; path = System/Library/Frameworks/QuartzCore.framework; sourceTree = SDKROOT; };
		3737DBD019A13AE1006E0460 /* addContactImage.png */ = {isa = PBXFileReference; lastKnownFileType = image.png; path = addContactImage.png; sourceTree = "<group>"; };
		3740DBB2195B6CBA00B60E1D /* setViewController.h */ = {isa = PBXFileReference; fileEncoding = 4; lastKnownFileType = sourcecode.c.h; path = setViewController.h; sourceTree = "<group>"; };
		3740DBB3195B6CBA00B60E1D /* setViewController.m */ = {isa = PBXFileReference; fileEncoding = 4; lastKnownFileType = sourcecode.c.objc; path = setViewController.m; sourceTree = "<group>"; };
		37741C57198E7CAB005DE4D3 /* PageContentViewController.h */ = {isa = PBXFileReference; fileEncoding = 4; lastKnownFileType = sourcecode.c.h; path = PageContentViewController.h; sourceTree = "<group>"; };
		37741C58198E7CAB005DE4D3 /* PageContentViewController.m */ = {isa = PBXFileReference; fileEncoding = 4; lastKnownFileType = sourcecode.c.objc; path = PageContentViewController.m; sourceTree = "<group>"; };
		37741C5E198EBF87005DE4D3 /* alertViewImage.png */ = {isa = PBXFileReference; lastKnownFileType = image.png; path = alertViewImage.png; sourceTree = "<group>"; };
		37741C60198EC282005DE4D3 /* appIconIntroScreen.png */ = {isa = PBXFileReference; lastKnownFileType = image.png; path = appIconIntroScreen.png; sourceTree = "<group>"; };
		37741C62198EC307005DE4D3 /* overlay1.png */ = {isa = PBXFileReference; lastKnownFileType = image.png; path = overlay1.png; sourceTree = "<group>"; };
		37741C68198ED744005DE4D3 /* overlay2.png */ = {isa = PBXFileReference; lastKnownFileType = image.png; path = overlay2.png; sourceTree = "<group>"; };
		37741C6A198ED79C005DE4D3 /* overlay3.png */ = {isa = PBXFileReference; lastKnownFileType = image.png; path = overlay3.png; sourceTree = "<group>"; };
		37741C6C198ED83F005DE4D3 /* overlay4.png */ = {isa = PBXFileReference; lastKnownFileType = image.png; path = overlay4.png; sourceTree = "<group>"; };
		37741C70198EDAD5005DE4D3 /* movetodock.png */ = {isa = PBXFileReference; lastKnownFileType = image.png; path = movetodock.png; sourceTree = "<group>"; };
		3784BB62196488E600A10B65 /* Main.storyboard */ = {isa = PBXFileReference; fileEncoding = 4; lastKnownFileType = file.storyboard; path = Main.storyboard; sourceTree = "<group>"; };
		378C003519A329AD001254B6 /* overlay2-4.png */ = {isa = PBXFileReference; lastKnownFileType = image.png; path = "overlay2-4.png"; sourceTree = "<group>"; };
		378C003719A32C00001254B6 /* overlay3-4.png */ = {isa = PBXFileReference; lastKnownFileType = image.png; path = "overlay3-4.png"; sourceTree = "<group>"; };
		378C003B19A32D3F001254B6 /* movetodock-4.png */ = {isa = PBXFileReference; lastKnownFileType = image.png; path = "movetodock-4.png"; sourceTree = "<group>"; };
		378C003D19A32D5D001254B6 /* overlay4-4.png */ = {isa = PBXFileReference; lastKnownFileType = image.png; path = "overlay4-4.png"; sourceTree = "<group>"; };
		378C003F19A5CB0B001254B6 /* slideArrow@2x.png */ = {isa = PBXFileReference; lastKnownFileType = image.png; path = "slideArrow@2x.png"; sourceTree = "<group>"; };
		378C004119A5CCCD001254B6 /* slideArrowHighlighted@2x.png */ = {isa = PBXFileReference; lastKnownFileType = image.png; path = "slideArrowHighlighted@2x.png"; sourceTree = "<group>"; };
		3799AF35194CF1740053B045 /* CoreLocation.framework */ = {isa = PBXFileReference; lastKnownFileType = wrapper.framework; name = CoreLocation.framework; path = System/Library/Frameworks/CoreLocation.framework; sourceTree = SDKROOT; };
		37A1910719BAF85D00E6F3A5 /* RMStore.h */ = {isa = PBXFileReference; fileEncoding = 4; lastKnownFileType = sourcecode.c.h; path = RMStore.h; sourceTree = "<group>"; };
		37A1910819BAF85D00E6F3A5 /* RMStore.m */ = {isa = PBXFileReference; fileEncoding = 4; lastKnownFileType = sourcecode.c.objc; path = RMStore.m; sourceTree = "<group>"; };
		37AA13281998064400F89AE2 /* appIcon001.png */ = {isa = PBXFileReference; lastKnownFileType = image.png; path = appIcon001.png; sourceTree = "<group>"; };
		37AA13291998064400F89AE2 /* appIcon001@2x.png */ = {isa = PBXFileReference; lastKnownFileType = image.png; path = "appIcon001@2x.png"; sourceTree = "<group>"; };
		37AA132C19980D3A00F89AE2 /* alertHasBeenSent.png */ = {isa = PBXFileReference; lastKnownFileType = image.png; path = alertHasBeenSent.png; sourceTree = "<group>"; };
		37AA465B19A28B9400323E61 /* iPhone4Screen.png */ = {isa = PBXFileReference; lastKnownFileType = image.png; path = iPhone4Screen.png; sourceTree = "<group>"; };
		37B634D31950D1630015597E /* Accounts.framework */ = {isa = PBXFileReference; lastKnownFileType = wrapper.framework; name = Accounts.framework; path = System/Library/Frameworks/Accounts.framework; sourceTree = SDKROOT; };
		37B634D51950D1700015597E /* libsqlite3.dylib */ = {isa = PBXFileReference; lastKnownFileType = "compiled.mach-o.dylib"; name = libsqlite3.dylib; path = usr/lib/libsqlite3.dylib; sourceTree = SDKROOT; };
		37B634D71950D1760015597E /* MobileCoreServices.framework */ = {isa = PBXFileReference; lastKnownFileType = wrapper.framework; name = MobileCoreServices.framework; path = System/Library/Frameworks/MobileCoreServices.framework; sourceTree = SDKROOT; };
		37B634D91950D17B0015597E /* Security.framework */ = {isa = PBXFileReference; lastKnownFileType = wrapper.framework; name = Security.framework; path = System/Library/Frameworks/Security.framework; sourceTree = SDKROOT; };
		37B634DB1950D1820015597E /* Social.framework */ = {isa = PBXFileReference; lastKnownFileType = wrapper.framework; name = Social.framework; path = System/Library/Frameworks/Social.framework; sourceTree = SDKROOT; };
		37B634DD1950D1890015597E /* SystemConfiguration.framework */ = {isa = PBXFileReference; lastKnownFileType = wrapper.framework; name = SystemConfiguration.framework; path = System/Library/Frameworks/SystemConfiguration.framework; sourceTree = SDKROOT; };
		37D37752192BF0E900871648 /* Smart Alert.app */ = {isa = PBXFileReference; explicitFileType = wrapper.application; includeInIndex = 0; path = "Smart Alert.app"; sourceTree = BUILT_PRODUCTS_DIR; };
		37D37755192BF0E900871648 /* Foundation.framework */ = {isa = PBXFileReference; lastKnownFileType = wrapper.framework; name = Foundation.framework; path = System/Library/Frameworks/Foundation.framework; sourceTree = SDKROOT; };
		37D37757192BF0E900871648 /* CoreGraphics.framework */ = {isa = PBXFileReference; lastKnownFileType = wrapper.framework; name = CoreGraphics.framework; path = System/Library/Frameworks/CoreGraphics.framework; sourceTree = SDKROOT; };
		37D37759192BF0E900871648 /* UIKit.framework */ = {isa = PBXFileReference; lastKnownFileType = wrapper.framework; name = UIKit.framework; path = System/Library/Frameworks/UIKit.framework; sourceTree = SDKROOT; };
		37D3775D192BF0E900871648 /* smartAlert-Info.plist */ = {isa = PBXFileReference; lastKnownFileType = text.plist.xml; path = "smartAlert-Info.plist"; sourceTree = "<group>"; };
		37D3775F192BF0E900871648 /* en */ = {isa = PBXFileReference; lastKnownFileType = text.plist.strings; name = en; path = en.lproj/InfoPlist.strings; sourceTree = "<group>"; };
		37D37761192BF0E900871648 /* main.m */ = {isa = PBXFileReference; lastKnownFileType = sourcecode.c.objc; path = main.m; sourceTree = "<group>"; };
		37D37763192BF0E900871648 /* smartAlert-Prefix.pch */ = {isa = PBXFileReference; lastKnownFileType = sourcecode.c.h; path = "smartAlert-Prefix.pch"; sourceTree = "<group>"; };
		37D37764192BF0E900871648 /* AppDelegate.h */ = {isa = PBXFileReference; lastKnownFileType = sourcecode.c.h; path = AppDelegate.h; sourceTree = "<group>"; };
		37D37765192BF0E900871648 /* AppDelegate.m */ = {isa = PBXFileReference; lastKnownFileType = sourcecode.c.objc; path = AppDelegate.m; sourceTree = "<group>"; };
		37D3776A192BF0E900871648 /* ViewController.h */ = {isa = PBXFileReference; lastKnownFileType = sourcecode.c.h; path = ViewController.h; sourceTree = "<group>"; };
		37D3776B192BF0E900871648 /* ViewController.m */ = {isa = PBXFileReference; lastKnownFileType = sourcecode.c.objc; path = ViewController.m; sourceTree = "<group>"; };
		37D3776D192BF0EA00871648 /* Images.xcassets */ = {isa = PBXFileReference; lastKnownFileType = folder.assetcatalog; path = Images.xcassets; sourceTree = "<group>"; };
		37D37773192BF0EA00871648 /* smartAlertTests.xctest */ = {isa = PBXFileReference; explicitFileType = wrapper.cfbundle; includeInIndex = 0; path = smartAlertTests.xctest; sourceTree = BUILT_PRODUCTS_DIR; };
		37D37774192BF0EA00871648 /* XCTest.framework */ = {isa = PBXFileReference; lastKnownFileType = wrapper.framework; name = XCTest.framework; path = Library/Frameworks/XCTest.framework; sourceTree = DEVELOPER_DIR; };
		37D3777C192BF0EA00871648 /* smartAlertTests-Info.plist */ = {isa = PBXFileReference; lastKnownFileType = text.plist.xml; path = "smartAlertTests-Info.plist"; sourceTree = "<group>"; };
		37D3777E192BF0EA00871648 /* en */ = {isa = PBXFileReference; lastKnownFileType = text.plist.strings; name = en; path = en.lproj/InfoPlist.strings; sourceTree = "<group>"; };
		37D37780192BF0EA00871648 /* smartAlertTests.m */ = {isa = PBXFileReference; lastKnownFileType = sourcecode.c.objc; path = smartAlertTests.m; sourceTree = "<group>"; };
		37D3778A192BF97400871648 /* AddressBook.framework */ = {isa = PBXFileReference; lastKnownFileType = wrapper.framework; name = AddressBook.framework; path = System/Library/Frameworks/AddressBook.framework; sourceTree = SDKROOT; };
		37D3778C192BF97800871648 /* AddressBookUI.framework */ = {isa = PBXFileReference; lastKnownFileType = wrapper.framework; name = AddressBookUI.framework; path = System/Library/Frameworks/AddressBookUI.framework; sourceTree = SDKROOT; };
		37D3778E192D39C100871648 /* alertViewController.h */ = {isa = PBXFileReference; fileEncoding = 4; lastKnownFileType = sourcecode.c.h; path = alertViewController.h; sourceTree = "<group>"; };
		37D3778F192D39C100871648 /* alertViewController.m */ = {isa = PBXFileReference; fileEncoding = 4; lastKnownFileType = sourcecode.c.objc; path = alertViewController.m; sourceTree = "<group>"; };
		37D37791192FE3CE00871648 /* button.png */ = {isa = PBXFileReference; lastKnownFileType = image.png; path = button.png; sourceTree = "<group>"; };
		37D37792192FE3CE00871648 /* button@2x.png */ = {isa = PBXFileReference; lastKnownFileType = image.png; path = "button@2x.png"; sourceTree = "<group>"; };
		37E469651977AB110076157F /* introBG.png */ = {isa = PBXFileReference; lastKnownFileType = image.png; path = introBG.png; sourceTree = "<group>"; };
		37E469671977ABD00076157F /* image1.png */ = {isa = PBXFileReference; lastKnownFileType = image.png; path = image1.png; sourceTree = "<group>"; };
		37E469681977ABD00076157F /* image3.png */ = {isa = PBXFileReference; lastKnownFileType = image.png; path = image3.png; sourceTree = "<group>"; };
		37E4696A1977ABD00076157F /* image4.png */ = {isa = PBXFileReference; lastKnownFileType = image.png; path = image4.png; sourceTree = "<group>"; };
		37E4696B1977ABD00076157F /* image5.png */ = {isa = PBXFileReference; lastKnownFileType = image.png; path = image5.png; sourceTree = "<group>"; };
		37E469711977AF640076157F /* settingsViewController.h */ = {isa = PBXFileReference; fileEncoding = 4; lastKnownFileType = sourcecode.c.h; path = settingsViewController.h; sourceTree = "<group>"; };
		37E469721977AF640076157F /* settingsViewController.m */ = {isa = PBXFileReference; fileEncoding = 4; lastKnownFileType = sourcecode.c.objc; path = settingsViewController.m; sourceTree = "<group>"; };
		37E46974197C047A0076157F /* image2.png */ = {isa = PBXFileReference; lastKnownFileType = image.png; path = image2.png; sourceTree = "<group>"; };
		37E4697E197C44970076157F /* SevenSwitch.h */ = {isa = PBXFileReference; fileEncoding = 4; lastKnownFileType = sourcecode.c.h; path = SevenSwitch.h; sourceTree = "<group>"; };
		37E4697F197C44970076157F /* SevenSwitch.m */ = {isa = PBXFileReference; fileEncoding = 4; lastKnownFileType = sourcecode.c.objc; path = SevenSwitch.m; sourceTree = "<group>"; };
		37E46981197C49C00076157F /* check.png */ = {isa = PBXFileReference; lastKnownFileType = image.png; path = check.png; sourceTree = "<group>"; };
		37E46982197C49C00076157F /* check@2x.png */ = {isa = PBXFileReference; lastKnownFileType = image.png; path = "check@2x.png"; sourceTree = "<group>"; };
		37E46983197C49C00076157F /* cross.png */ = {isa = PBXFileReference; lastKnownFileType = image.png; path = cross.png; sourceTree = "<group>"; };
		37E46984197C49C00076157F /* cross@2x.png */ = {isa = PBXFileReference; lastKnownFileType = image.png; path = "cross@2x.png"; sourceTree = "<group>"; };
		37E46991197C4B240076157F /* swipeToPrime001.png */ = {isa = PBXFileReference; lastKnownFileType = image.png; path = swipeToPrime001.png; sourceTree = "<group>"; };
		37E46992197C4B240076157F /* swipeToPrime001@2x.png */ = {isa = PBXFileReference; lastKnownFileType = image.png; path = "swipeToPrime001@2x.png"; sourceTree = "<group>"; };
		37E4699D197CECD20076157F /* settingsIcon001.png */ = {isa = PBXFileReference; lastKnownFileType = image.png; path = settingsIcon001.png; sourceTree = "<group>"; };
		37E4699E197CECD20076157F /* settingsIcon001@2x.png */ = {isa = PBXFileReference; lastKnownFileType = image.png; path = "settingsIcon001@2x.png"; sourceTree = "<group>"; };
		37E469A1197CEE180076157F /* primed001.png */ = {isa = PBXFileReference; lastKnownFileType = image.png; path = primed001.png; sourceTree = "<group>"; };
		37E469A2197CEE180076157F /* primed001@2x.png */ = {isa = PBXFileReference; lastKnownFileType = image.png; path = "primed001@2x.png"; sourceTree = "<group>"; };
		37E469A9197CF1250076157F /* swipeToPrime002.png */ = {isa = PBXFileReference; lastKnownFileType = image.png; path = swipeToPrime002.png; sourceTree = "<group>"; };
		37E469AA197CF1250076157F /* swipeToPrime002@2x.png */ = {isa = PBXFileReference; lastKnownFileType = image.png; path = "swipeToPrime002@2x.png"; sourceTree = "<group>"; };
		37E469B5197CF26B0076157F /* primed002.png */ = {isa = PBXFileReference; lastKnownFileType = image.png; path = primed002.png; sourceTree = "<group>"; };
		37E469B6197CF26B0076157F /* primed002@2x.png */ = {isa = PBXFileReference; lastKnownFileType = image.png; path = "primed002@2x.png"; sourceTree = "<group>"; };
		37E469B9197E40450076157F /* Twitter.framework */ = {isa = PBXFileReference; lastKnownFileType = wrapper.framework; name = Twitter.framework; path = System/Library/Frameworks/Twitter.framework; sourceTree = SDKROOT; };
		37E469BB197EE5800076157F /* StoreKit.framework */ = {isa = PBXFileReference; lastKnownFileType = wrapper.framework; name = StoreKit.framework; path = System/Library/Frameworks/StoreKit.framework; sourceTree = SDKROOT; };
		37E469BD197EE7760076157F /* MessageUI.framework */ = {isa = PBXFileReference; lastKnownFileType = wrapper.framework; name = MessageUI.framework; path = System/Library/Frameworks/MessageUI.framework; sourceTree = SDKROOT; };
		37E469BF198185A40076157F /* swipeToPrime003.png */ = {isa = PBXFileReference; lastKnownFileType = image.png; path = swipeToPrime003.png; sourceTree = "<group>"; };
		37E469C0198185A40076157F /* swipeToPrime003@2x.png */ = {isa = PBXFileReference; lastKnownFileType = image.png; path = "swipeToPrime003@2x.png"; sourceTree = "<group>"; };
		37E469C3198185E50076157F /* swipeToPrime004.png */ = {isa = PBXFileReference; lastKnownFileType = image.png; path = swipeToPrime004.png; sourceTree = "<group>"; };
		37E469C4198185E50076157F /* swipeToPrime004@2x.png */ = {isa = PBXFileReference; lastKnownFileType = image.png; path = "swipeToPrime004@2x.png"; sourceTree = "<group>"; };
		37E469C71981865D0076157F /* swipeToPrime005.png */ = {isa = PBXFileReference; lastKnownFileType = image.png; path = swipeToPrime005.png; sourceTree = "<group>"; };
		37E469C81981865D0076157F /* swipeToPrime005@2x.png */ = {isa = PBXFileReference; lastKnownFileType = image.png; path = "swipeToPrime005@2x.png"; sourceTree = "<group>"; };
		37EC7C9B19BE314B00D79282 /* add_button.png */ = {isa = PBXFileReference; lastKnownFileType = image.png; path = add_button.png; sourceTree = "<group>"; };
		37EC7C9C19BE314B00D79282 /* add_button@2x.png */ = {isa = PBXFileReference; lastKnownFileType = image.png; path = "add_button@2x.png"; sourceTree = "<group>"; };
/* End PBXFileReference section */

/* Begin PBXFrameworksBuildPhase section */
		37D3774F192BF0E900871648 /* Frameworks */ = {
			isa = PBXFrameworksBuildPhase;
			buildActionMask = 2147483647;
			files = (
				37E469BE197EE7760076157F /* MessageUI.framework in Frameworks */,
				37E469BC197EE5800076157F /* StoreKit.framework in Frameworks */,
				37E469BA197E40450076157F /* Twitter.framework in Frameworks */,
				372E6904196353C4006712E6 /* QuartzCore.framework in Frameworks */,
				37B634DE1950D1890015597E /* SystemConfiguration.framework in Frameworks */,
				37B634DC1950D1820015597E /* Social.framework in Frameworks */,
				37B634DA1950D17B0015597E /* Security.framework in Frameworks */,
				37B634D81950D1760015597E /* MobileCoreServices.framework in Frameworks */,
				37B634D61950D1700015597E /* libsqlite3.dylib in Frameworks */,
				37B634D41950D1630015597E /* Accounts.framework in Frameworks */,
				3799AF36194CF1740053B045 /* CoreLocation.framework in Frameworks */,
				37D3778D192BF97800871648 /* AddressBookUI.framework in Frameworks */,
				37D3778B192BF97400871648 /* AddressBook.framework in Frameworks */,
				37D37758192BF0E900871648 /* CoreGraphics.framework in Frameworks */,
				37D3775A192BF0E900871648 /* UIKit.framework in Frameworks */,
				37D37756192BF0E900871648 /* Foundation.framework in Frameworks */,
			);
			runOnlyForDeploymentPostprocessing = 0;
		};
		37D37770192BF0EA00871648 /* Frameworks */ = {
			isa = PBXFrameworksBuildPhase;
			buildActionMask = 2147483647;
			files = (
				37D37775192BF0EA00871648 /* XCTest.framework in Frameworks */,
				37D37777192BF0EA00871648 /* UIKit.framework in Frameworks */,
				37D37776192BF0EA00871648 /* Foundation.framework in Frameworks */,
			);
			runOnlyForDeploymentPostprocessing = 0;
		};
/* End PBXFrameworksBuildPhase section */

/* Begin PBXGroup section */
		37D37749192BF0E900871648 = {
			isa = PBXGroup;
			children = (
				37D3775B192BF0E900871648 /* smartAlert */,
				37D3777A192BF0EA00871648 /* smartAlertTests */,
				37D37754192BF0E900871648 /* Frameworks */,
				37D37753192BF0E900871648 /* Products */,
			);
			sourceTree = "<group>";
		};
		37D37753192BF0E900871648 /* Products */ = {
			isa = PBXGroup;
			children = (
				37D37752192BF0E900871648 /* Smart Alert.app */,
				37D37773192BF0EA00871648 /* smartAlertTests.xctest */,
			);
			name = Products;
			sourceTree = "<group>";
		};
		37D37754192BF0E900871648 /* Frameworks */ = {
			isa = PBXGroup;
			children = (
				37E469BD197EE7760076157F /* MessageUI.framework */,
				37E469BB197EE5800076157F /* StoreKit.framework */,
				37E469B9197E40450076157F /* Twitter.framework */,
				372E6903196353C4006712E6 /* QuartzCore.framework */,
				37B634DD1950D1890015597E /* SystemConfiguration.framework */,
				37B634DB1950D1820015597E /* Social.framework */,
				37B634D91950D17B0015597E /* Security.framework */,
				37B634D71950D1760015597E /* MobileCoreServices.framework */,
				37B634D51950D1700015597E /* libsqlite3.dylib */,
				37B634D31950D1630015597E /* Accounts.framework */,
				3799AF35194CF1740053B045 /* CoreLocation.framework */,
				37D3778C192BF97800871648 /* AddressBookUI.framework */,
				37D3778A192BF97400871648 /* AddressBook.framework */,
				37D37755192BF0E900871648 /* Foundation.framework */,
				37D37757192BF0E900871648 /* CoreGraphics.framework */,
				37D37759192BF0E900871648 /* UIKit.framework */,
				37D37774192BF0EA00871648 /* XCTest.framework */,
			);
			name = Frameworks;
			sourceTree = "<group>";
		};
		37D3775B192BF0E900871648 /* smartAlert */ = {
			isa = PBXGroup;
			children = (
				372074F519896DE0004F7090 /* MJPopupBackgroundView.h */,
				372074F619896DE0004F7090 /* MJPopupBackgroundView.m */,
				372074F719896DE0004F7090 /* UIViewController+MJPopupViewController.h */,
				372074F819896DE0004F7090 /* UIViewController+MJPopupViewController.m */,
				37E4697E197C44970076157F /* SevenSwitch.h */,
				37E4697F197C44970076157F /* SevenSwitch.m */,
				37A1910719BAF85D00E6F3A5 /* RMStore.h */,
				37A1910819BAF85D00E6F3A5 /* RMStore.m */,
				37D37795192FF28700871648 /* Images */,
				3784BB62196488E600A10B65 /* Main.storyboard */,
				37EC7C9B19BE314B00D79282 /* add_button.png */,
				37EC7C9C19BE314B00D79282 /* add_button@2x.png */,
				378C003F19A5CB0B001254B6 /* slideArrow@2x.png */,
				378C004119A5CCCD001254B6 /* slideArrowHighlighted@2x.png */,
				37AA132C19980D3A00F89AE2 /* alertHasBeenSent.png */,
				37741C5E198EBF87005DE4D3 /* alertViewImage.png */,
				37741C60198EC282005DE4D3 /* appIconIntroScreen.png */,
				37741C70198EDAD5005DE4D3 /* movetodock.png */,
				3737DBD019A13AE1006E0460 /* addContactImage.png */,
				37741C62198EC307005DE4D3 /* overlay1.png */,
				37741C68198ED744005DE4D3 /* overlay2.png */,
				378C003519A329AD001254B6 /* overlay2-4.png */,
				37741C6A198ED79C005DE4D3 /* overlay3.png */,
				378C003719A32C00001254B6 /* overlay3-4.png */,
				37741C6C198ED83F005DE4D3 /* overlay4.png */,
				378C003D19A32D5D001254B6 /* overlay4-4.png */,
				378C003B19A32D3F001254B6 /* movetodock-4.png */,
				37AA465B19A28B9400323E61 /* iPhone4Screen.png */,
				37D37764192BF0E900871648 /* AppDelegate.h */,
				37D37765192BF0E900871648 /* AppDelegate.m */,
				37D37791192FE3CE00871648 /* button.png */,
				37D37792192FE3CE00871648 /* button@2x.png */,
				37741C57198E7CAB005DE4D3 /* PageContentViewController.h */,
				37741C58198E7CAB005DE4D3 /* PageContentViewController.m */,
				37D3778E192D39C100871648 /* alertViewController.h */,
				37D3778F192D39C100871648 /* alertViewController.m */,
				37D3776A192BF0E900871648 /* ViewController.h */,
				37D3776B192BF0E900871648 /* ViewController.m */,
				37AA13281998064400F89AE2 /* appIcon001.png */,
				37AA13291998064400F89AE2 /* appIcon001@2x.png */,
				37E469651977AB110076157F /* introBG.png */,
				37E469671977ABD00076157F /* image1.png */,
				37E469681977ABD00076157F /* image3.png */,
				37E46974197C047A0076157F /* image2.png */,
				37E4696A1977ABD00076157F /* image4.png */,
				37E4696B1977ABD00076157F /* image5.png */,
				37E46981197C49C00076157F /* check.png */,
				37E46982197C49C00076157F /* check@2x.png */,
				37E46983197C49C00076157F /* cross.png */,
				37E46984197C49C00076157F /* cross@2x.png */,
				37E46991197C4B240076157F /* swipeToPrime001.png */,
				37E46992197C4B240076157F /* swipeToPrime001@2x.png */,
				37E4699D197CECD20076157F /* settingsIcon001.png */,
				37E4699E197CECD20076157F /* settingsIcon001@2x.png */,
				37E469A1197CEE180076157F /* primed001.png */,
				37E469A2197CEE180076157F /* primed001@2x.png */,
				37E469A9197CF1250076157F /* swipeToPrime002.png */,
				37E469AA197CF1250076157F /* swipeToPrime002@2x.png */,
				37E469BF198185A40076157F /* swipeToPrime003.png */,
				37E469C0198185A40076157F /* swipeToPrime003@2x.png */,
				37E469C3198185E50076157F /* swipeToPrime004.png */,
				37E469C4198185E50076157F /* swipeToPrime004@2x.png */,
				37E469C71981865D0076157F /* swipeToPrime005.png */,
				37E469C81981865D0076157F /* swipeToPrime005@2x.png */,
				37E469B5197CF26B0076157F /* primed002.png */,
				37E469B6197CF26B0076157F /* primed002@2x.png */,
				37D3776D192BF0EA00871648 /* Images.xcassets */,
				37D3775C192BF0E900871648 /* Supporting Files */,
				3740DBB2195B6CBA00B60E1D /* setViewController.h */,
				3740DBB3195B6CBA00B60E1D /* setViewController.m */,
				37E469711977AF640076157F /* settingsViewController.h */,
				37E469721977AF640076157F /* settingsViewController.m */,
			);
			path = smartAlert;
			sourceTree = "<group>";
		};
		37D3775C192BF0E900871648 /* Supporting Files */ = {
			isa = PBXGroup;
			children = (
				37D3775D192BF0E900871648 /* smartAlert-Info.plist */,
				37D3775E192BF0E900871648 /* InfoPlist.strings */,
				37D37761192BF0E900871648 /* main.m */,
				37D37763192BF0E900871648 /* smartAlert-Prefix.pch */,
			);
			name = "Supporting Files";
			sourceTree = "<group>";
		};
		37D3777A192BF0EA00871648 /* smartAlertTests */ = {
			isa = PBXGroup;
			children = (
				37D37780192BF0EA00871648 /* smartAlertTests.m */,
				37D3777B192BF0EA00871648 /* Supporting Files */,
			);
			path = smartAlertTests;
			sourceTree = "<group>";
		};
		37D3777B192BF0EA00871648 /* Supporting Files */ = {
			isa = PBXGroup;
			children = (
				37D3777C192BF0EA00871648 /* smartAlertTests-Info.plist */,
				37D3777D192BF0EA00871648 /* InfoPlist.strings */,
			);
			name = "Supporting Files";
			sourceTree = "<group>";
		};
		37D37795192FF28700871648 /* Images */ = {
			isa = PBXGroup;
			children = (
			);
			name = Images;
			sourceTree = "<group>";
		};
/* End PBXGroup section */

/* Begin PBXNativeTarget section */
		37D37751192BF0E900871648 /* smartAlert */ = {
			isa = PBXNativeTarget;
			buildConfigurationList = 37D37784192BF0EA00871648 /* Build configuration list for PBXNativeTarget "smartAlert" */;
			buildPhases = (
				37D3774E192BF0E900871648 /* Sources */,
				37D3774F192BF0E900871648 /* Frameworks */,
				37D37750192BF0E900871648 /* Resources */,
			);
			buildRules = (
			);
			dependencies = (
			);
			name = smartAlert;
			productName = smartAlert;
			productReference = 37D37752192BF0E900871648 /* Smart Alert.app */;
			productType = "com.apple.product-type.application";
		};
		37D37772192BF0EA00871648 /* smartAlertTests */ = {
			isa = PBXNativeTarget;
			buildConfigurationList = 37D37787192BF0EA00871648 /* Build configuration list for PBXNativeTarget "smartAlertTests" */;
			buildPhases = (
				37D3776F192BF0EA00871648 /* Sources */,
				37D37770192BF0EA00871648 /* Frameworks */,
				37D37771192BF0EA00871648 /* Resources */,
			);
			buildRules = (
			);
			dependencies = (
				37D37779192BF0EA00871648 /* PBXTargetDependency */,
			);
			name = smartAlertTests;
			productName = smartAlertTests;
			productReference = 37D37773192BF0EA00871648 /* smartAlertTests.xctest */;
			productType = "com.apple.product-type.bundle.unit-test";
		};
/* End PBXNativeTarget section */

/* Begin PBXProject section */
		37D3774A192BF0E900871648 /* Project object */ = {
			isa = PBXProject;
			attributes = {
				LastUpgradeCheck = 0510;
				ORGANIZATIONNAME = "Daniel Pape";
				TargetAttributes = {
					37D37751192BF0E900871648 = {
						DevelopmentTeam = 6XK8CTGKE3;
					};
					37D37772192BF0EA00871648 = {
						TestTargetID = 37D37751192BF0E900871648;
					};
				};
			};
			buildConfigurationList = 37D3774D192BF0E900871648 /* Build configuration list for PBXProject "smartAlert" */;
			compatibilityVersion = "Xcode 3.2";
			developmentRegion = English;
			hasScannedForEncodings = 0;
			knownRegions = (
				en,
				Base,
			);
			mainGroup = 37D37749192BF0E900871648;
			productRefGroup = 37D37753192BF0E900871648 /* Products */;
			projectDirPath = "";
			projectRoot = "";
			targets = (
				37D37751192BF0E900871648 /* smartAlert */,
				37D37772192BF0EA00871648 /* smartAlertTests */,
			);
		};
/* End PBXProject section */

/* Begin PBXResourcesBuildPhase section */
		37D37750192BF0E900871648 /* Resources */ = {
			isa = PBXResourcesBuildPhase;
			buildActionMask = 2147483647;
			files = (
				37E469AC197CF1250076157F /* swipeToPrime002@2x.png in Resources */,
				378C004019A5CB0B001254B6 /* slideArrow@2x.png in Resources */,
				37E469B8197CF26B0076157F /* primed002@2x.png in Resources */,
				37E469B7197CF26B0076157F /* primed002.png in Resources */,
				37E469C91981865D0076157F /* swipeToPrime005.png in Resources */,
				37AA132D19980D3A00F89AE2 /* alertHasBeenSent.png in Resources */,
				37E4696F1977ABD00076157F /* image4.png in Resources */,
				378C004219A5CCCD001254B6 /* slideArrowHighlighted@2x.png in Resources */,
				37E469C5198185E50076157F /* swipeToPrime004.png in Resources */,
				37D3776E192BF0EA00871648 /* Images.xcassets in Resources */,
				37E46985197C49C00076157F /* check.png in Resources */,
				37AA132A1998064400F89AE2 /* appIcon001.png in Resources */,
				3784BB63196488E600A10B65 /* Main.storyboard in Resources */,
				37AA465C19A28B9400323E61 /* iPhone4Screen.png in Resources */,
				37E46986197C49C00076157F /* check@2x.png in Resources */,
				3737DBD119A13AE1006E0460 /* addContactImage.png in Resources */,
				378C003619A329AD001254B6 /* overlay2-4.png in Resources */,
				37E469C6198185E50076157F /* swipeToPrime004@2x.png in Resources */,
				37741C63198EC307005DE4D3 /* overlay1.png in Resources */,
				37E469CA1981865D0076157F /* swipeToPrime005@2x.png in Resources */,
				37EC7C9D19BE314B00D79282 /* add_button.png in Resources */,
				378C003E19A32D5D001254B6 /* overlay4-4.png in Resources */,
				378C003819A32C00001254B6 /* overlay3-4.png in Resources */,
				37E469C1198185A40076157F /* swipeToPrime003.png in Resources */,
				37E46987197C49C00076157F /* cross.png in Resources */,
				37E4696C1977ABD00076157F /* image1.png in Resources */,
				37E469A3197CEE180076157F /* primed001.png in Resources */,
				37741C69198ED744005DE4D3 /* overlay2.png in Resources */,
				37E469661977AB110076157F /* introBG.png in Resources */,
				37EC7C9E19BE314B00D79282 /* add_button@2x.png in Resources */,
				37D37793192FE3CE00871648 /* button.png in Resources */,
				37AA132B1998064400F89AE2 /* appIcon001@2x.png in Resources */,
				37E4696D1977ABD00076157F /* image3.png in Resources */,
				37D37794192FE3CE00871648 /* button@2x.png in Resources */,
				37E46993197C4B240076157F /* swipeToPrime001.png in Resources */,
				37E469C2198185A40076157F /* swipeToPrime003@2x.png in Resources */,
				37741C6B198ED79C005DE4D3 /* overlay3.png in Resources */,
				37E469A0197CECD20076157F /* settingsIcon001@2x.png in Resources */,
				37E469AB197CF1250076157F /* swipeToPrime002.png in Resources */,
				37741C61198EC282005DE4D3 /* appIconIntroScreen.png in Resources */,
				37741C5F198EBF87005DE4D3 /* alertViewImage.png in Resources */,
				37741C6D198ED83F005DE4D3 /* overlay4.png in Resources */,
				37741C71198EDAD5005DE4D3 /* movetodock.png in Resources */,
				37E46975197C047A0076157F /* image2.png in Resources */,
				37E469701977ABD00076157F /* image5.png in Resources */,
				37E4699F197CECD20076157F /* settingsIcon001.png in Resources */,
				37D37760192BF0E900871648 /* InfoPlist.strings in Resources */,
				37E46994197C4B240076157F /* swipeToPrime001@2x.png in Resources */,
				37E46988197C49C00076157F /* cross@2x.png in Resources */,
				378C003C19A32D3F001254B6 /* movetodock-4.png in Resources */,
				37E469A4197CEE180076157F /* primed001@2x.png in Resources */,
			);
			runOnlyForDeploymentPostprocessing = 0;
		};
		37D37771192BF0EA00871648 /* Resources */ = {
			isa = PBXResourcesBuildPhase;
			buildActionMask = 2147483647;
			files = (
				37D3777F192BF0EA00871648 /* InfoPlist.strings in Resources */,
			);
			runOnlyForDeploymentPostprocessing = 0;
		};
/* End PBXResourcesBuildPhase section */

/* Begin PBXSourcesBuildPhase section */
		37D3774E192BF0E900871648 /* Sources */ = {
			isa = PBXSourcesBuildPhase;
			buildActionMask = 2147483647;
			files = (
				37D3776C192BF0E900871648 /* ViewController.m in Sources */,
				37A1910919BAF85D00E6F3A5 /* RMStore.m in Sources */,
				372074FA19896DE0004F7090 /* UIViewController+MJPopupViewController.m in Sources */,
				37E469731977AF640076157F /* settingsViewController.m in Sources */,
				37D37766192BF0E900871648 /* AppDelegate.m in Sources */,
				37E46980197C44970076157F /* SevenSwitch.m in Sources */,
				37D37762192BF0E900871648 /* main.m in Sources */,
				372074F919896DE0004F7090 /* MJPopupBackgroundView.m in Sources */,
				37741C59198E7CAB005DE4D3 /* PageContentViewController.m in Sources */,
				3740DBB4195B6CBA00B60E1D /* setViewController.m in Sources */,
				37D37790192D39C100871648 /* alertViewController.m in Sources */,
			);
			runOnlyForDeploymentPostprocessing = 0;
		};
		37D3776F192BF0EA00871648 /* Sources */ = {
			isa = PBXSourcesBuildPhase;
			buildActionMask = 2147483647;
			files = (
				37D37781192BF0EA00871648 /* smartAlertTests.m in Sources */,
			);
			runOnlyForDeploymentPostprocessing = 0;
		};
/* End PBXSourcesBuildPhase section */

/* Begin PBXTargetDependency section */
		37D37779192BF0EA00871648 /* PBXTargetDependency */ = {
			isa = PBXTargetDependency;
			target = 37D37751192BF0E900871648 /* smartAlert */;
			targetProxy = 37D37778192BF0EA00871648 /* PBXContainerItemProxy */;
		};
/* End PBXTargetDependency section */

/* Begin PBXVariantGroup section */
		37D3775E192BF0E900871648 /* InfoPlist.strings */ = {
			isa = PBXVariantGroup;
			children = (
				37D3775F192BF0E900871648 /* en */,
			);
			name = InfoPlist.strings;
			sourceTree = "<group>";
		};
		37D3777D192BF0EA00871648 /* InfoPlist.strings */ = {
			isa = PBXVariantGroup;
			children = (
				37D3777E192BF0EA00871648 /* en */,
			);
			name = InfoPlist.strings;
			sourceTree = "<group>";
		};
/* End PBXVariantGroup section */

/* Begin XCBuildConfiguration section */
		37D37782192BF0EA00871648 /* Debug */ = {
			isa = XCBuildConfiguration;
			buildSettings = {
				ALWAYS_SEARCH_USER_PATHS = NO;
				CLANG_CXX_LANGUAGE_STANDARD = "gnu++0x";
				CLANG_CXX_LIBRARY = "libc++";
				CLANG_ENABLE_MODULES = YES;
				CLANG_ENABLE_OBJC_ARC = YES;
				CLANG_WARN_BOOL_CONVERSION = YES;
				CLANG_WARN_CONSTANT_CONVERSION = YES;
				CLANG_WARN_DIRECT_OBJC_ISA_USAGE = YES_ERROR;
				CLANG_WARN_EMPTY_BODY = YES;
				CLANG_WARN_ENUM_CONVERSION = YES;
				CLANG_WARN_INT_CONVERSION = YES;
				CLANG_WARN_OBJC_ROOT_CLASS = YES_ERROR;
				CLANG_WARN__DUPLICATE_METHOD_MATCH = YES;
				CODE_SIGN_IDENTITY = "iPhone Developer: Daniel Pape (B2M3RH2Z54)";
				"CODE_SIGN_IDENTITY[sdk=iphoneos*]" = "";
				COPY_PHASE_STRIP = NO;
				GCC_C_LANGUAGE_STANDARD = gnu99;
				GCC_DYNAMIC_NO_PIC = NO;
				GCC_OPTIMIZATION_LEVEL = 0;
				GCC_PREPROCESSOR_DEFINITIONS = (
					"DEBUG=1",
					"$(inherited)",
				);
				GCC_SYMBOLS_PRIVATE_EXTERN = NO;
				GCC_WARN_64_TO_32_BIT_CONVERSION = YES;
				GCC_WARN_ABOUT_RETURN_TYPE = YES_ERROR;
				GCC_WARN_UNDECLARED_SELECTOR = YES;
				GCC_WARN_UNINITIALIZED_AUTOS = YES_AGGRESSIVE;
				GCC_WARN_UNUSED_FUNCTION = YES;
				GCC_WARN_UNUSED_VARIABLE = YES;
				IPHONEOS_DEPLOYMENT_TARGET = 7.1;
				ONLY_ACTIVE_ARCH = YES;
				PROVISIONING_PROFILE = "808856E8-599E-4549-9339-2659760BB541";
				SDKROOT = iphoneos;
			};
			name = Debug;
		};
		37D37783192BF0EA00871648 /* Release */ = {
			isa = XCBuildConfiguration;
			buildSettings = {
				ALWAYS_SEARCH_USER_PATHS = NO;
				CLANG_CXX_LANGUAGE_STANDARD = "gnu++0x";
				CLANG_CXX_LIBRARY = "libc++";
				CLANG_ENABLE_MODULES = YES;
				CLANG_ENABLE_OBJC_ARC = YES;
				CLANG_WARN_BOOL_CONVERSION = YES;
				CLANG_WARN_CONSTANT_CONVERSION = YES;
				CLANG_WARN_DIRECT_OBJC_ISA_USAGE = YES_ERROR;
				CLANG_WARN_EMPTY_BODY = YES;
				CLANG_WARN_ENUM_CONVERSION = YES;
				CLANG_WARN_INT_CONVERSION = YES;
				CLANG_WARN_OBJC_ROOT_CLASS = YES_ERROR;
				CLANG_WARN__DUPLICATE_METHOD_MATCH = YES;
				CODE_SIGN_IDENTITY = "iPhone Developer: Daniel Pape (B2M3RH2Z54)";
				"CODE_SIGN_IDENTITY[sdk=iphoneos*]" = "";
				COPY_PHASE_STRIP = YES;
				ENABLE_NS_ASSERTIONS = NO;
				GCC_C_LANGUAGE_STANDARD = gnu99;
				GCC_WARN_64_TO_32_BIT_CONVERSION = YES;
				GCC_WARN_ABOUT_RETURN_TYPE = YES_ERROR;
				GCC_WARN_UNDECLARED_SELECTOR = YES;
				GCC_WARN_UNINITIALIZED_AUTOS = YES_AGGRESSIVE;
				GCC_WARN_UNUSED_FUNCTION = YES;
				GCC_WARN_UNUSED_VARIABLE = YES;
				IPHONEOS_DEPLOYMENT_TARGET = 7.1;
				PROVISIONING_PROFILE = "808856E8-599E-4549-9339-2659760BB541";
				SDKROOT = iphoneos;
				VALIDATE_PRODUCT = YES;
			};
			name = Release;
		};
		37D37785192BF0EA00871648 /* Debug */ = {
			isa = XCBuildConfiguration;
			buildSettings = {
				ASSETCATALOG_COMPILER_APPICON_NAME = AppIcon;
				ASSETCATALOG_COMPILER_LAUNCHIMAGE_NAME = LaunchImage;
				CODE_SIGN_IDENTITY = "iPhone Developer: Daniel Pape (B2M3RH2Z54)";
				"CODE_SIGN_IDENTITY[sdk=iphoneos*]" = "iPhone Developer";
				FRAMEWORK_SEARCH_PATHS = (
					"$(inherited)",
					"$(PROJECT_DIR)",
				);
				GCC_PRECOMPILE_PREFIX_HEADER = YES;
				GCC_PREFIX_HEADER = "smartAlert/smartAlert-Prefix.pch";
				INFOPLIST_FILE = "smartAlert/smartAlert-Info.plist";
				OTHER_LDFLAGS = "-ObjC";
				PRODUCT_NAME = "Smart Alert";
				PROVISIONING_PROFILE = "";
				WRAPPER_EXTENSION = app;
			};
			name = Debug;
		};
		37D37786192BF0EA00871648 /* Release */ = {
			isa = XCBuildConfiguration;
			buildSettings = {
				ASSETCATALOG_COMPILER_APPICON_NAME = AppIcon;
				ASSETCATALOG_COMPILER_LAUNCHIMAGE_NAME = LaunchImage;
				CODE_SIGN_IDENTITY = "iPhone Developer: Daniel Pape (B2M3RH2Z54)";
				"CODE_SIGN_IDENTITY[sdk=iphoneos*]" = "iPhone Developer";
				FRAMEWORK_SEARCH_PATHS = (
					"$(inherited)",
					"$(PROJECT_DIR)",
				);
				GCC_PRECOMPILE_PREFIX_HEADER = YES;
				GCC_PREFIX_HEADER = "smartAlert/smartAlert-Prefix.pch";
				INFOPLIST_FILE = "smartAlert/smartAlert-Info.plist";
				OTHER_LDFLAGS = "-ObjC";
				PRODUCT_NAME = "Smart Alert";
				PROVISIONING_PROFILE = "";
				WRAPPER_EXTENSION = app;
			};
			name = Release;
		};
		37D37788192BF0EA00871648 /* Debug */ = {
			isa = XCBuildConfiguration;
			buildSettings = {
				BUNDLE_LOADER = "$(BUILT_PRODUCTS_DIR)/smartAlert.app/smartAlert";
				FRAMEWORK_SEARCH_PATHS = (
					"$(SDKROOT)/Developer/Library/Frameworks",
					"$(inherited)",
					"$(DEVELOPER_FRAMEWORKS_DIR)",
				);
				GCC_PRECOMPILE_PREFIX_HEADER = YES;
				GCC_PREFIX_HEADER = "smartAlert/smartAlert-Prefix.pch";
				GCC_PREPROCESSOR_DEFINITIONS = (
					"DEBUG=1",
					"$(inherited)",
				);
				INFOPLIST_FILE = "smartAlertTests/smartAlertTests-Info.plist";
				PRODUCT_NAME = "$(TARGET_NAME)";
				TEST_HOST = "$(BUNDLE_LOADER)";
				WRAPPER_EXTENSION = xctest;
			};
			name = Debug;
		};
		37D37789192BF0EA00871648 /* Release */ = {
			isa = XCBuildConfiguration;
			buildSettings = {
				BUNDLE_LOADER = "$(BUILT_PRODUCTS_DIR)/smartAlert.app/smartAlert";
				FRAMEWORK_SEARCH_PATHS = (
					"$(SDKROOT)/Developer/Library/Frameworks",
					"$(inherited)",
					"$(DEVELOPER_FRAMEWORKS_DIR)",
				);
				GCC_PRECOMPILE_PREFIX_HEADER = YES;
				GCC_PREFIX_HEADER = "smartAlert/smartAlert-Prefix.pch";
				INFOPLIST_FILE = "smartAlertTests/smartAlertTests-Info.plist";
				PRODUCT_NAME = "$(TARGET_NAME)";
				TEST_HOST = "$(BUNDLE_LOADER)";
				WRAPPER_EXTENSION = xctest;
			};
			name = Release;
		};
/* End XCBuildConfiguration section */

/* Begin XCConfigurationList section */
		37D3774D192BF0E900871648 /* Build configuration list for PBXProject "smartAlert" */ = {
			isa = XCConfigurationList;
			buildConfigurations = (
				37D37782192BF0EA00871648 /* Debug */,
				37D37783192BF0EA00871648 /* Release */,
			);
			defaultConfigurationIsVisible = 0;
			defaultConfigurationName = Release;
		};
		37D37784192BF0EA00871648 /* Build configuration list for PBXNativeTarget "smartAlert" */ = {
			isa = XCConfigurationList;
			buildConfigurations = (
				37D37785192BF0EA00871648 /* Debug */,
				37D37786192BF0EA00871648 /* Release */,
			);
			defaultConfigurationIsVisible = 0;
			defaultConfigurationName = Release;
		};
		37D37787192BF0EA00871648 /* Build configuration list for PBXNativeTarget "smartAlertTests" */ = {
			isa = XCConfigurationList;
			buildConfigurations = (
				37D37788192BF0EA00871648 /* Debug */,
				37D37789192BF0EA00871648 /* Release */,
			);
			defaultConfigurationIsVisible = 0;
			defaultConfigurationName = Release;
		};
/* End XCConfigurationList section */
	};
	rootObject = 37D3774A192BF0E900871648 /* Project object */;
}
